
Microsoft Visual Studio Solution File, Format Version 12.00
# Visual Studio Version 17
VisualStudioVersion = 17.13.35919.96 d17.13
MinimumVisualStudioVersion = 10.0.40219.1
Project("{FAE04EC0-301F-11D3-BF4B-00C04F79EFBC}") = "Week 2 ADAT Lab", "Week 2 ADAT Lab\Week 2 ADAT Lab.csproj", "{916633C9-676F-4A0D-B361-286D2B4C4D2D}"
EndProject
Global
	GlobalSection(SolutionConfigurationPlatforms) = preSolution
		Debug|Any CPU = Debug|Any CPU
		Release|Any CPU = Release|Any CPU
	EndGlobalSection
	GlobalSection(ProjectConfigurationPlatforms) = postSolution
		{916633C9-676F-4A0D-B361-286D2B4C4D2D}.Debug|Any CPU.ActiveCfg = Debug|Any CPU
		{916633C9-676F-4A0D-B361-286D2B4C4D2D}.Debug|Any CPU.Build.0 = Debug|Any CPU
		{916633C9-676F-4A0D-B361-286D2B4C4D2D}.Release|Any CPU.ActiveCfg = Release|Any CPU
		{916633C9-676F-4A0D-B361-286D2B4C4D2D}.Release|Any CPU.Build.0 = Release|Any CPU
	EndGlobalSection
	GlobalSection(SolutionProperties) = preSolution
		HideSolutionNode = FALSE
	EndGlobalSection
	GlobalSection(ExtensibilityGlobals) = postSolution
		SolutionGuid = {1AAB13DB-2D8F-4FFD-BD9A-F3AA58AAE45A}
	EndGlobalSection
EndGlobal
